
Microsoft Visual Studio Solution File, Format Version 12.00
# Visual Studio 15
VisualStudioVersion = 15.0.27703.2026
MinimumVisualStudioVersion = 10.0.40219.1
Project("{FAE04EC0-301F-11D3-BF4B-00C04F79EFBC}") = "OopsReview", "OopsReview\OopsReview.csproj", "{4C0B6003-307C-4CE1-9D91-825AB456BD65}"
EndProject
Global
	GlobalSection(SolutionConfigurationPlatforms) = preSolution
		Debug|Any CPU = Debug|Any CPU
		Release|Any CPU = Release|Any CPU
	EndGlobalSection
	GlobalSection(ProjectConfigurationPlatforms) = postSolution
		{4C0B6003-307C-4CE1-9D91-825AB456BD65}.Debug|Any CPU.ActiveCfg = Debug|Any CPU
		{4C0B6003-307C-4CE1-9D91-825AB456BD65}.Debug|Any CPU.Build.0 = Debug|Any CPU
		{4C0B6003-307C-4CE1-9D91-825AB456BD65}.Release|Any CPU.ActiveCfg = Release|Any CPU
		{4C0B6003-307C-4CE1-9D91-825AB456BD65}.Release|Any CPU.Build.0 = Release|Any CPU
	EndGlobalSection
	GlobalSection(SolutionProperties) = preSolution
		HideSolutionNode = FALSE
	EndGlobalSection
	GlobalSection(ExtensibilityGlobals) = postSolution
		SolutionGuid = {ACDF0D9D-AA5F-4F7C-9A81-D2CAAD2E6361}
	EndGlobalSection
EndGlobal
